
Microsoft Visual Studio Solution File, Format Version 11.00
# Visual Studio 2010
Project("{FAE04EC0-301F-11D3-BF4B-00C04F79EFBC}") = "Assembly-CSharp-Editor", "Assembly-CSharp-Editor.csproj", "{6acbcf66-9443-ee53-d82f-a69e383e7b70}"
EndProject
Project("{FAE04EC0-301F-11D3-BF4B-00C04F79EFBC}") = "Assembly-CSharp", "Assembly-CSharp.csproj", "{a3331ccc-4677-6a53-1ef6-6f9a7ec6f439}"
EndProject
Global
	GlobalSection(SolutionConfigurationPlatforms) = preSolution
		Debug|Any CPU = Debug|Any CPU
	EndGlobalSection
	GlobalSection(ProjectConfigurationPlatforms) = postSolution
		{6acbcf66-9443-ee53-d82f-a69e383e7b70}.Debug|Any CPU.ActiveCfg = Debug|Any CPU
		{6acbcf66-9443-ee53-d82f-a69e383e7b70}.Debug|Any CPU.Build.0 = Debug|Any CPU
		{a3331ccc-4677-6a53-1ef6-6f9a7ec6f439}.Debug|Any CPU.ActiveCfg = Debug|Any CPU
		{a3331ccc-4677-6a53-1ef6-6f9a7ec6f439}.Debug|Any CPU.Build.0 = Debug|Any CPU
	EndGlobalSection
	GlobalSection(SolutionProperties) = preSolution
		HideSolutionNode = FALSE
	EndGlobalSection
EndGlobal
